schema: '2.0'
stages:
  split:
    cmd: .venv/bin/python src/prepare.py
    deps:
    - path: assets/data/raw/train.csv
      hash: md5
      md5: e8c4560161dc3c8571b5b2db25be3294
      size: 122403
    params:
      params.yaml:
        split.eval_data_path: assets/data/processed/final_test.csv
        split.full_data_path: assets/data/raw/train.csv
        split.train_data_path: assets/data/processed/final_train.csv
    outs:
    - path: assets/data/processed/final_test.csv
      hash: md5
      md5: 31ca7c806db63a0132857518e0ca599f
      size: 24630
    - path: assets/data/processed/final_train.csv
      hash: md5
      md5: 644393d2b4e0c6a43b0fe2b7c7330a94
      size: 97942
  train:
    cmd: .venv/bin/python src/train.py
    deps:
    - path: assets/data/processed/final_test.csv
      hash: md5
      md5: 31ca7c806db63a0132857518e0ca599f
      size: 24630
    - path: assets/data/processed/final_train.csv
      hash: md5
      md5: 644393d2b4e0c6a43b0fe2b7c7330a94
      size: 97942
    params:
      params.yaml:
        train.eval_data_path: assets/data/processed/final_test.csv
        train.model_path: assets/models/model.pkl
        train.repo: ml-pipeline
        train.train_data_path: assets/data/processed/final_train.csv
        train.username: AbdullahShoeib1
    outs:
    - path: assets/models/model.pkl
      hash: md5
      md5: adde5ee80be10cdcc76e0354a7cbbb25
      size: 552682
  evaluate:
    cmd: .venv/bin/python src/evaluate.py
    deps:
    - path: assets/data/processed/final_test.csv
      hash: md5
      md5: 31ca7c806db63a0132857518e0ca599f
      size: 24630
    - path: assets/models/model.pkl
      hash: md5
      md5: adde5ee80be10cdcc76e0354a7cbbb25
      size: 552682
    - path: src/train.py
      hash: md5
      md5: d8d1f3642c974b43acee66af77745cf1
      size: 2601
    params:
      params.yaml:
        evaluate.eval_data_path: assets/data/processed/final_test.csv
        evaluate.model_path: assets/models/model.pkl
        evaluate.validation_file: assets/results/validation_perf.json
    outs:
    - path: assets/results/validation_perf.json
      hash: md5
      md5: ec3b090d06dd0cefa506d35b5e4f7a85
      size: 106
